<?xml version="1.0" encoding="UTF-8" standalone="yes" ?>
<CodeBlocks_project_file>
	<FileVersion major="1" minor="6" />
	<Project>
		<Option title="InfiniteChess" />
		<Option pch_mode="2" />
		<Option compiler="gcc" />
		<Build>
			<Target title="Debug">
				<Option output="bin/Debug/InfiniteChess" prefix_auto="1" extension_auto="1" />
				<Option object_output="obj/Debug/" />
				<Option type="1" />
				<Option compiler="gcc" />
				<Compiler>
					<Add option="-std=c++14" />
					<Add option="-g" />
					<Add option="-DSFML_STATIC" />
					<Add directory="../SFML-2.5.1/include" />
				</Compiler>
				<Linker>
					<Add library="sfml-graphics-s" />
					<Add library="sfml-window-s" />
					<Add library="sfml-system-s" />
					<Add library="opengl32" />
					<Add library="freetype" />
					<Add library="winmm" />
					<Add library="gdi32" />
					<Add directory="../SFML-2.5.1/lib" />
				</Linker>
			</Target>
			<Target title="Release">
				<Option output="bin/Release/InfiniteChess" prefix_auto="1" extension_auto="1" />
				<Option object_output="obj/Release/" />
				<Option type="1" />
				<Option compiler="gcc" />
				<Compiler>
					<Add option="-O2" />
				</Compiler>
				<Linker>
					<Add option="-s" />
				</Linker>
			</Target>
		</Build>
		<Compiler>
			<Add option="-Wall" />
		</Compiler>
		<Unit filename="src/controller.cpp" />
		<Unit filename="src/controller.h" />
		<Unit filename="src/game.cpp" />
		<Unit filename="src/game.h" />
		<Unit filename="src/inputHandler.cpp" />
		<Unit filename="src/inputHandler.h" />
		<Unit filename="src/main.cpp" />
		<Unit filename="src/moveDef.cpp" />
		<Unit filename="src/moveDef.h" />
		<Unit filename="src/moveMarker.cpp" />
		<Unit filename="src/moveMarker.h" />
		<Unit filename="src/moveTracker.cpp" />
		<Unit filename="src/moveTracker.h" />
		<Unit filename="src/numRule.cpp" />
		<Unit filename="src/numRule.h" />
		<Unit filename="src/piece.cpp" />
		<Unit filename="src/piece.h" />
		<Unit filename="src/pieceDef.cpp" />
		<Unit filename="src/pieceDef.h" />
		<Unit filename="src/pieceDefLoader.cpp" />
		<Unit filename="src/pieceDefLoader.h" />
		<Unit filename="src/pieceTracker.cpp" />
		<Unit filename="src/pieceTracker.h" />
		<Unit filename="src/renderer.cpp" />
		<Unit filename="src/renderer.h" />
		<Unit filename="src/resourceLoader.cpp" />
		<Unit filename="src/resourceLoader.h" />
		<Unit filename="src/stringUtils.h" />
		<Unit filename="src/vectorUtils.h" />
		<Extensions>
			<code_completion />
			<envvars />
			<debugger />
			<lib_finder disable_auto="1" />
		</Extensions>
	</Project>
</CodeBlocks_project_file>
